
Microsoft Visual Studio Solution File, Format Version 12.00
# Visual Studio Version 17
VisualStudioVersion = 17.0.31903.59
MinimumVisualStudioVersion = 10.0.40219.1
Project("{2150E333-8FDC-42A3-9474-1A3956D46DE8}") = "src", "src", "{8CC7CD24-A43D-487B-A5C5-74003812887E}"
EndProject
Project("{FAE04EC0-301F-11D3-BF4B-00C04F79EFBC}") = "CMS.API", "src\CMS.API\CMS.API.csproj", "{ACB24EA6-5A82-45D9-B51E-711A93D0D872}"
EndProject
Project("{FAE04EC0-301F-11D3-BF4B-00C04F79EFBC}") = "KLPVN.Core", "src\KLPVN.Core\KLPVN.Core.csproj", "{5045A102-C761-47F7-AC6D-B41D381E952A}"
EndProject
Project("{2150E333-8FDC-42A3-9474-1A3956D46DE8}") = "tests", "tests", "{9B1315B0-2F06-438A-863D-E08BD5318623}"
EndProject
Project("{FAE04EC0-301F-11D3-BF4B-00C04F79EFBC}") = "CMS.API.UnitTest", "tests\CMS.API.UnitTest\CMS.API.UnitTest.csproj", "{82687CD8-6AA5-4401-A7CC-9E983507F1D5}"
EndProject
Project("{FAE04EC0-301F-11D3-BF4B-00C04F79EFBC}") = "CMS.Web.UnitTest", "tests\CMS.WEB.UnitTest\CMS.Web.UnitTest.csproj", "{2FD0DAFC-8AA7-49DD-8A5E-8BEDC2AD8A63}"
EndProject
Project("{FAE04EC0-301F-11D3-BF4B-00C04F79EFBC}") = "KLPVN.Core.UnitTest", "tests\KLPVN.Core.UnitTest\KLPVN.Core.UnitTest.csproj", "{61217C1F-1118-4670-97AB-C1177195C448}"
EndProject
Project("{FAE04EC0-301F-11D3-BF4B-00C04F79EFBC}") = "CMS.Shared", "src\CMS.Shared\CMS.Shared.csproj", "{AD39FD1B-6C3F-4480-98D8-08EB89E1DC05}"
EndProject
Project("{FAE04EC0-301F-11D3-BF4B-00C04F79EFBC}") = "CMS.WebAssembly", "src\CMS.WebAssembly\CMS.WebAssembly.csproj", "{F9B3F3AD-E3D1-4AB7-A748-C333BA96A2F4}"
EndProject
Global
	GlobalSection(SolutionConfigurationPlatforms) = preSolution
		Debug|Any CPU = Debug|Any CPU
		Release|Any CPU = Release|Any CPU
	EndGlobalSection
	GlobalSection(ProjectConfigurationPlatforms) = postSolution
		{ACB24EA6-5A82-45D9-B51E-711A93D0D872}.Debug|Any CPU.ActiveCfg = Debug|Any CPU
		{ACB24EA6-5A82-45D9-B51E-711A93D0D872}.Debug|Any CPU.Build.0 = Debug|Any CPU
		{ACB24EA6-5A82-45D9-B51E-711A93D0D872}.Release|Any CPU.ActiveCfg = Release|Any CPU
		{ACB24EA6-5A82-45D9-B51E-711A93D0D872}.Release|Any CPU.Build.0 = Release|Any CPU
		{5045A102-C761-47F7-AC6D-B41D381E952A}.Debug|Any CPU.ActiveCfg = Debug|Any CPU
		{5045A102-C761-47F7-AC6D-B41D381E952A}.Debug|Any CPU.Build.0 = Debug|Any CPU
		{5045A102-C761-47F7-AC6D-B41D381E952A}.Release|Any CPU.ActiveCfg = Release|Any CPU
		{5045A102-C761-47F7-AC6D-B41D381E952A}.Release|Any CPU.Build.0 = Release|Any CPU
		{82687CD8-6AA5-4401-A7CC-9E983507F1D5}.Debug|Any CPU.ActiveCfg = Debug|Any CPU
		{82687CD8-6AA5-4401-A7CC-9E983507F1D5}.Debug|Any CPU.Build.0 = Debug|Any CPU
		{82687CD8-6AA5-4401-A7CC-9E983507F1D5}.Release|Any CPU.ActiveCfg = Release|Any CPU
		{82687CD8-6AA5-4401-A7CC-9E983507F1D5}.Release|Any CPU.Build.0 = Release|Any CPU
		{2FD0DAFC-8AA7-49DD-8A5E-8BEDC2AD8A63}.Debug|Any CPU.ActiveCfg = Debug|Any CPU
		{2FD0DAFC-8AA7-49DD-8A5E-8BEDC2AD8A63}.Debug|Any CPU.Build.0 = Debug|Any CPU
		{2FD0DAFC-8AA7-49DD-8A5E-8BEDC2AD8A63}.Release|Any CPU.ActiveCfg = Release|Any CPU
		{2FD0DAFC-8AA7-49DD-8A5E-8BEDC2AD8A63}.Release|Any CPU.Build.0 = Release|Any CPU
		{61217C1F-1118-4670-97AB-C1177195C448}.Debug|Any CPU.ActiveCfg = Debug|Any CPU
		{61217C1F-1118-4670-97AB-C1177195C448}.Debug|Any CPU.Build.0 = Debug|Any CPU
		{61217C1F-1118-4670-97AB-C1177195C448}.Release|Any CPU.ActiveCfg = Release|Any CPU
		{61217C1F-1118-4670-97AB-C1177195C448}.Release|Any CPU.Build.0 = Release|Any CPU
		{AD39FD1B-6C3F-4480-98D8-08EB89E1DC05}.Debug|Any CPU.ActiveCfg = Debug|Any CPU
		{AD39FD1B-6C3F-4480-98D8-08EB89E1DC05}.Debug|Any CPU.Build.0 = Debug|Any CPU
		{AD39FD1B-6C3F-4480-98D8-08EB89E1DC05}.Release|Any CPU.ActiveCfg = Release|Any CPU
		{AD39FD1B-6C3F-4480-98D8-08EB89E1DC05}.Release|Any CPU.Build.0 = Release|Any CPU
		{F9B3F3AD-E3D1-4AB7-A748-C333BA96A2F4}.Debug|Any CPU.ActiveCfg = Debug|Any CPU
		{F9B3F3AD-E3D1-4AB7-A748-C333BA96A2F4}.Debug|Any CPU.Build.0 = Debug|Any CPU
		{F9B3F3AD-E3D1-4AB7-A748-C333BA96A2F4}.Release|Any CPU.ActiveCfg = Release|Any CPU
		{F9B3F3AD-E3D1-4AB7-A748-C333BA96A2F4}.Release|Any CPU.Build.0 = Release|Any CPU
	EndGlobalSection
	GlobalSection(SolutionProperties) = preSolution
		HideSolutionNode = FALSE
	EndGlobalSection
	GlobalSection(NestedProjects) = preSolution
		{ACB24EA6-5A82-45D9-B51E-711A93D0D872} = {8CC7CD24-A43D-487B-A5C5-74003812887E}
		{5045A102-C761-47F7-AC6D-B41D381E952A} = {8CC7CD24-A43D-487B-A5C5-74003812887E}
		{82687CD8-6AA5-4401-A7CC-9E983507F1D5} = {9B1315B0-2F06-438A-863D-E08BD5318623}
		{2FD0DAFC-8AA7-49DD-8A5E-8BEDC2AD8A63} = {9B1315B0-2F06-438A-863D-E08BD5318623}
		{61217C1F-1118-4670-97AB-C1177195C448} = {9B1315B0-2F06-438A-863D-E08BD5318623}
		{AD39FD1B-6C3F-4480-98D8-08EB89E1DC05} = {8CC7CD24-A43D-487B-A5C5-74003812887E}
		{F9B3F3AD-E3D1-4AB7-A748-C333BA96A2F4} = {8CC7CD24-A43D-487B-A5C5-74003812887E}
	EndGlobalSection
EndGlobal
